
Microsoft Visual Studio Solution File, Format Version 12.00
# Visual Studio Version 17
VisualStudioVersion = 17.3.32825.248
MinimumVisualStudioVersion = 10.0.40219.1
Project("{FAE04EC0-301F-11D3-BF4B-00C04F79EFBC}") = "ScladLIB", "ScladLIB\ScladLIB.csproj", "{B4C4583F-1FD0-4280-A9B4-D90C7E4F9EBD}"
EndProject
Project("{FAE04EC0-301F-11D3-BF4B-00C04F79EFBC}") = "Sclad", "Sclad\Sclad.csproj", "{2B94EB7A-36E2-4DD4-96E3-88A2B4DCBFE5}"
EndProject
Global
	GlobalSection(SolutionConfigurationPlatforms) = preSolution
		Debug|Any CPU = Debug|Any CPU
		Release|Any CPU = Release|Any CPU
	EndGlobalSection
	GlobalSection(ProjectConfigurationPlatforms) = postSolution
		{B4C4583F-1FD0-4280-A9B4-D90C7E4F9EBD}.Debug|Any CPU.ActiveCfg = Debug|Any CPU
		{B4C4583F-1FD0-4280-A9B4-D90C7E4F9EBD}.Debug|Any CPU.Build.0 = Debug|Any CPU
		{B4C4583F-1FD0-4280-A9B4-D90C7E4F9EBD}.Release|Any CPU.ActiveCfg = Release|Any CPU
		{B4C4583F-1FD0-4280-A9B4-D90C7E4F9EBD}.Release|Any CPU.Build.0 = Release|Any CPU
		{2B94EB7A-36E2-4DD4-96E3-88A2B4DCBFE5}.Debug|Any CPU.ActiveCfg = Debug|Any CPU
		{2B94EB7A-36E2-4DD4-96E3-88A2B4DCBFE5}.Debug|Any CPU.Build.0 = Debug|Any CPU
		{2B94EB7A-36E2-4DD4-96E3-88A2B4DCBFE5}.Release|Any CPU.ActiveCfg = Release|Any CPU
		{2B94EB7A-36E2-4DD4-96E3-88A2B4DCBFE5}.Release|Any CPU.Build.0 = Release|Any CPU
	EndGlobalSection
	GlobalSection(SolutionProperties) = preSolution
		HideSolutionNode = FALSE
	EndGlobalSection
	GlobalSection(ExtensibilityGlobals) = postSolution
		SolutionGuid = {B1D2F00F-94D1-45AD-911D-EFF463649B72}
	EndGlobalSection
EndGlobal
